Microsoft Visual Studio Solution File, Format Version 12.00
# Visual Studio 14
VisualStudioVersion = 14.0.25420.1
MinimumVisualStudioVersion = 10.0.40219.1
Project("{FAE04EC0-301F-11D3-BF4B-00C04F79EFBC}") = "Diadoc.Console", "Samples\Diadoc.Console\Diadoc.Console.csproj", "{6560AB73-5F94-4AB6-8B99-D87C023235EE}"
EndProject
Project("{FAE04EC0-301F-11D3-BF4B-00C04F79EFBC}") = "Diadoc.Samples", "Samples\Diadoc.Samples\Diadoc.Samples.csproj", "{0B9032A3-6EC6-4C08-A912-CA1B523C3685}"
EndProject
Project("{FAE04EC0-301F-11D3-BF4B-00C04F79EFBC}") = "DiadocApi", "src\DiadocApi.csproj", "{7CF1CC28-0CB6-4166-ABEA-1B6987A22F5B}"
EndProject
Project("{FAE04EC0-301F-11D3-BF4B-00C04F79EFBC}") = "DiadocApi-Tests", "tests\DiadocApi-Tests.csproj", "{F9EE3092-04C8-4E05-B564-F77AD01F6684}"
EndProject
Global
	GlobalSection(SolutionConfigurationPlatforms) = preSolution
		Debug|Any CPU = Debug|Any CPU
		Release|Any CPU = Release|Any CPU
	EndGlobalSection
	GlobalSection(ProjectConfigurationPlatforms) = postSolution
		{6560AB73-5F94-4AB6-8B99-D87C023235EE}.Debug|Any CPU.ActiveCfg = Debug|Any CPU
		{6560AB73-5F94-4AB6-8B99-D87C023235EE}.Debug|Any CPU.Build.0 = Debug|Any CPU
		{6560AB73-5F94-4AB6-8B99-D87C023235EE}.Release|Any CPU.ActiveCfg = Release|Any CPU
		{6560AB73-5F94-4AB6-8B99-D87C023235EE}.Release|Any CPU.Build.0 = Release|Any CPU
		{0B9032A3-6EC6-4C08-A912-CA1B523C3685}.Debug|Any CPU.ActiveCfg = Debug|Any CPU
		{0B9032A3-6EC6-4C08-A912-CA1B523C3685}.Debug|Any CPU.Build.0 = Debug|Any CPU
		{0B9032A3-6EC6-4C08-A912-CA1B523C3685}.Release|Any CPU.ActiveCfg = Release|Any CPU
		{0B9032A3-6EC6-4C08-A912-CA1B523C3685}.Release|Any CPU.Build.0 = Release|Any CPU
		{7CF1CC28-0CB6-4166-ABEA-1B6987A22F5B}.Debug|Any CPU.ActiveCfg = Debug|Any CPU
		{7CF1CC28-0CB6-4166-ABEA-1B6987A22F5B}.Debug|Any CPU.Build.0 = Debug|Any CPU
		{7CF1CC28-0CB6-4166-ABEA-1B6987A22F5B}.Release|Any CPU.ActiveCfg = Release|Any CPU
		{7CF1CC28-0CB6-4166-ABEA-1B6987A22F5B}.Release|Any CPU.Build.0 = Release|Any CPU
		{F9EE3092-04C8-4E05-B564-F77AD01F6684}.Debug|Any CPU.ActiveCfg = Debug|Any CPU
		{F9EE3092-04C8-4E05-B564-F77AD01F6684}.Debug|Any CPU.Build.0 = Debug|Any CPU
		{F9EE3092-04C8-4E05-B564-F77AD01F6684}.Release|Any CPU.ActiveCfg = Release|Any CPU
		{F9EE3092-04C8-4E05-B564-F77AD01F6684}.Release|Any CPU.Build.0 = Release|Any CPU
	EndGlobalSection
	GlobalSection(SolutionProperties) = preSolution
		HideSolutionNode = FALSE
	EndGlobalSection
	GlobalSection(ExtensibilityGlobals) = postSolution
		SolutionGuid = {9F4BF99F-BC32-4E60-8656-519567B6E53B}
	EndGlobalSection
EndGlobal
